// !$*UTF8*$!
{
	archiveVersion = 1;
	classes = {
	};
	objectVersion = 56;
	objects = {

/* Begin PBXBuildFile section */
		9E02F70E2B49644E00E64213 /* StoreDetailView.swift in Sources */ = {isa = PBXBuildFile; fileRef = 9E02F70D2B49644E00E64213 /* StoreDetailView.swift */; };
		9E02F7102B49672500E64213 /* StoreType.swift in Sources */ = {isa = PBXBuildFile; fileRef = 9E02F70F2B49672500E64213 /* StoreType.swift */; };
		9E02F7122B49677D00E64213 /* ProductType.swift in Sources */ = {isa = PBXBuildFile; fileRef = 9E02F7112B49677D00E64213 /* ProductType.swift */; };
		9E02F7142B496D3100E64213 /* ProductItemView.swift in Sources */ = {isa = PBXBuildFile; fileRef = 9E02F7132B496D3100E64213 /* ProductItemView.swift */; };
		9E02F7172B4971EB00E64213 /* Double+.swift in Sources */ = {isa = PBXBuildFile; fileRef = 9E02F7162B4971EB00E64213 /* Double+.swift */; };
		9E02F71A2B497C5500E64213 /* ProductDetailView.swift in Sources */ = {isa = PBXBuildFile; fileRef = 9E02F7192B497C5500E64213 /* ProductDetailView.swift */; };
		9E02F71D2B4ACF6600E64213 /* IntroductionView.swift in Sources */ = {isa = PBXBuildFile; fileRef = 9E02F71C2B4ACF6600E64213 /* IntroductionView.swift */; };
		9E12B57D2B5A941D00464B89 /* Coordinator.swift in Sources */ = {isa = PBXBuildFile; fileRef = 9E12B57C2B5A941D00464B89 /* Coordinator.swift */; };
		9E60BC392B4C3A0F0020BA65 /* Alamofire in Frameworks */ = {isa = PBXBuildFile; productRef = 9E60BC382B4C3A0F0020BA65 /* Alamofire */; };
		9E7B4BDA2B4811C5009091F7 /* ChefDeliveryApp.swift in Sources */ = {isa = PBXBuildFile; fileRef = 9E7B4BD92B4811C5009091F7 /* ChefDeliveryApp.swift */; };
		9E7B4BDC2B4811C5009091F7 /* ContentView.swift in Sources */ = {isa = PBXBuildFile; fileRef = 9E7B4BDB2B4811C5009091F7 /* ContentView.swift */; };
		9E7B4BDE2B4811C6009091F7 /* Assets.xcassets in Resources */ = {isa = PBXBuildFile; fileRef = 9E7B4BDD2B4811C6009091F7 /* Assets.xcassets */; };
		9E7B4BE22B4811C6009091F7 /* Preview Assets.xcassets in Resources */ = {isa = PBXBuildFile; fileRef = 9E7B4BE12B4811C6009091F7 /* Preview Assets.xcassets */; };
		9E7B4BEB2B48143D009091F7 /* NavigationBar.swift in Sources */ = {isa = PBXBuildFile; fileRef = 9E7B4BEA2B48143D009091F7 /* NavigationBar.swift */; };
		9E7B4BEE2B4818E0009091F7 /* OrderTypeGridView.swift in Sources */ = {isa = PBXBuildFile; fileRef = 9E7B4BED2B4818E0009091F7 /* OrderTypeGridView.swift */; };
		9E7B4BF12B481C0D009091F7 /* OrderType.swift in Sources */ = {isa = PBXBuildFile; fileRef = 9E7B4BF02B481C0D009091F7 /* OrderType.swift */; };
		9E7B4BF52B4821FE009091F7 /* OrderTypeItemView.swift in Sources */ = {isa = PBXBuildFile; fileRef = 9E7B4BF42B4821FE009091F7 /* OrderTypeItemView.swift */; };
		9E7B4BF82B4825FF009091F7 /* CarrousselItemView.swift in Sources */ = {isa = PBXBuildFile; fileRef = 9E7B4BF72B4825FF009091F7 /* CarrousselItemView.swift */; };
		9E7B4BFA2B482752009091F7 /* CarrousselTabView.swift in Sources */ = {isa = PBXBuildFile; fileRef = 9E7B4BF92B482752009091F7 /* CarrousselTabView.swift */; };
		9E7B4BFD2B482ACF009091F7 /* StoreItemView.swift in Sources */ = {isa = PBXBuildFile; fileRef = 9E7B4BFC2B482ACF009091F7 /* StoreItemView.swift */; };
		9E7B4BFF2B482C2F009091F7 /* StoresListView.swift in Sources */ = {isa = PBXBuildFile; fileRef = 9E7B4BFE2B482C2F009091F7 /* StoresListView.swift */; };
		9E861B822B5EF498006E44D8 /* HomeViewModel.swift in Sources */ = {isa = PBXBuildFile; fileRef = 9E861B812B5EF498006E44D8 /* HomeViewModel.swift */; };
		9E861B852B5EF9FF006E44D8 /* ServiceLocator.swift in Sources */ = {isa = PBXBuildFile; fileRef = 9E861B842B5EF9FF006E44D8 /* ServiceLocator.swift */; };
		9E861B872B5EFAD8006E44D8 /* SetupServiceLocator.swift in Sources */ = {isa = PBXBuildFile; fileRef = 9E861B862B5EFAD8006E44D8 /* SetupServiceLocator.swift */; };
		9E8C9CCD2B61240400D40161 /* Categorie.swift in Sources */ = {isa = PBXBuildFile; fileRef = 9E8C9CCC2B61240400D40161 /* Categorie.swift */; };
		9E95D2862B4C14080057F1D9 /* NetworkService.swift in Sources */ = {isa = PBXBuildFile; fileRef = 9E95D2852B4C14080057F1D9 /* NetworkService.swift */; };
		9ED13CEC2B5D4F5E00AEB359 /* HomeView.swift in Sources */ = {isa = PBXBuildFile; fileRef = 9ED13CEB2B5D4F5E00AEB359 /* HomeView.swift */; };
		9EDFDCEC2B5FE0A000962E65 /* HttpClient.swift in Sources */ = {isa = PBXBuildFile; fileRef = 9EDFDCEB2B5FE0A000962E65 /* HttpClient.swift */; };
		9EDFDCEE2B5FE0CD00962E65 /* HttpClientImpl.swift in Sources */ = {isa = PBXBuildFile; fileRef = 9EDFDCED2B5FE0CD00962E65 /* HttpClientImpl.swift */; };
		9EDFDCF02B5FE0F900962E65 /* HttpClientError.swift in Sources */ = {isa = PBXBuildFile; fileRef = 9EDFDCEF2B5FE0F900962E65 /* HttpClientError.swift */; };
		9EDFDCF32B5FEDF500962E65 /* DownloadImage.swift in Sources */ = {isa = PBXBuildFile; fileRef = 9EDFDCF22B5FEDF500962E65 /* DownloadImage.swift */; };
		9EDFDCF62B5FEE7A00962E65 /* Font+.swift in Sources */ = {isa = PBXBuildFile; fileRef = 9EDFDCF52B5FEE7A00962E65 /* Font+.swift */; };
		9EDFDD0D2B5FF41400962E65 /* Nunito-Medium.ttf in Resources */ = {isa = PBXBuildFile; fileRef = 9EDFDD092B5FF41300962E65 /* Nunito-Medium.ttf */; };
		9EDFDD0E2B5FF41400962E65 /* Nunito-Regular.ttf in Resources */ = {isa = PBXBuildFile; fileRef = 9EDFDD0A2B5FF41300962E65 /* Nunito-Regular.ttf */; };
		9EDFDD0F2B5FF41400962E65 /* Nunito-Bold.ttf in Resources */ = {isa = PBXBuildFile; fileRef = 9EDFDD0B2B5FF41300962E65 /* Nunito-Bold.ttf */; };
		9EDFDD102B5FF41400962E65 /* Nunito-SemiBold.ttf in Resources */ = {isa = PBXBuildFile; fileRef = 9EDFDD0C2B5FF41400962E65 /* Nunito-SemiBold.ttf */; };
/* End PBXBuildFile section */

/* Begin PBXFileReference section */
		9E02F70D2B49644E00E64213 /* StoreDetailView.swift */ = {isa = PBXFileReference; lastKnownFileType = sourcecode.swift; path = StoreDetailView.swift; sourceTree = "<group>"; };
		9E02F70F2B49672500E64213 /* StoreType.swift */ = {isa = PBXFileReference; lastKnownFileType = sourcecode.swift; path = StoreType.swift; sourceTree = "<group>"; };
		9E02F7112B49677D00E64213 /* ProductType.swift */ = {isa = PBXFileReference; lastKnownFileType = sourcecode.swift; path = ProductType.swift; sourceTree = "<group>"; };
		9E02F7132B496D3100E64213 /* ProductItemView.swift */ = {isa = PBXFileReference; lastKnownFileType = sourcecode.swift; path = ProductItemView.swift; sourceTree = "<group>"; };
		9E02F7162B4971EB00E64213 /* Double+.swift */ = {isa = PBXFileReference; lastKnownFileType = sourcecode.swift; path = "Double+.swift"; sourceTree = "<group>"; };
		9E02F7192B497C5500E64213 /* ProductDetailView.swift */ = {isa = PBXFileReference; lastKnownFileType = sourcecode.swift; path = ProductDetailView.swift; sourceTree = "<group>"; };
		9E02F71C2B4ACF6600E64213 /* IntroductionView.swift */ = {isa = PBXFileReference; lastKnownFileType = sourcecode.swift; path = IntroductionView.swift; sourceTree = "<group>"; };
		9E12B57C2B5A941D00464B89 /* Coordinator.swift */ = {isa = PBXFileReference; lastKnownFileType = sourcecode.swift; path = Coordinator.swift; sourceTree = "<group>"; };
		9E7B4BD62B4811C5009091F7 /* ChefDelivery.app */ = {isa = PBXFileReference; explicitFileType = wrapper.application; includeInIndex = 0; path = ChefDelivery.app; sourceTree = BUILT_PRODUCTS_DIR; };
		9E7B4BD92B4811C5009091F7 /* ChefDeliveryApp.swift */ = {isa = PBXFileReference; lastKnownFileType = sourcecode.swift; path = ChefDeliveryApp.swift; sourceTree = "<group>"; };
		9E7B4BDB2B4811C5009091F7 /* ContentView.swift */ = {isa = PBXFileReference; lastKnownFileType = sourcecode.swift; path = ContentView.swift; sourceTree = "<group>"; };
		9E7B4BDD2B4811C6009091F7 /* Assets.xcassets */ = {isa = PBXFileReference; lastKnownFileType = folder.assetcatalog; path = Assets.xcassets; sourceTree = "<group>"; };
		9E7B4BDF2B4811C6009091F7 /* ChefDelivery.entitlements */ = {isa = PBXFileReference; lastKnownFileType = text.plist.entitlements; path = ChefDelivery.entitlements; sourceTree = "<group>"; };
		9E7B4BE12B4811C6009091F7 /* Preview Assets.xcassets */ = {isa = PBXFileReference; lastKnownFileType = folder.assetcatalog; path = "Preview Assets.xcassets"; sourceTree = "<group>"; };
		9E7B4BEA2B48143D009091F7 /* NavigationBar.swift */ = {isa = PBXFileReference; lastKnownFileType = sourcecode.swift; path = NavigationBar.swift; sourceTree = "<group>"; };
		9E7B4BED2B4818E0009091F7 /* OrderTypeGridView.swift */ = {isa = PBXFileReference; lastKnownFileType = sourcecode.swift; path = OrderTypeGridView.swift; sourceTree = "<group>"; };
		9E7B4BF02B481C0D009091F7 /* OrderType.swift */ = {isa = PBXFileReference; lastKnownFileType = sourcecode.swift; path = OrderType.swift; sourceTree = "<group>"; };
		9E7B4BF42B4821FE009091F7 /* OrderTypeItemView.swift */ = {isa = PBXFileReference; lastKnownFileType = sourcecode.swift; path = OrderTypeItemView.swift; sourceTree = "<group>"; };
		9E7B4BF72B4825FF009091F7 /* CarrousselItemView.swift */ = {isa = PBXFileReference; lastKnownFileType = sourcecode.swift; path = CarrousselItemView.swift; sourceTree = "<group>"; };
		9E7B4BF92B482752009091F7 /* CarrousselTabView.swift */ = {isa = PBXFileReference; lastKnownFileType = sourcecode.swift; path = CarrousselTabView.swift; sourceTree = "<group>"; };
		9E7B4BFC2B482ACF009091F7 /* StoreItemView.swift */ = {isa = PBXFileReference; lastKnownFileType = sourcecode.swift; path = StoreItemView.swift; sourceTree = "<group>"; };
		9E7B4BFE2B482C2F009091F7 /* StoresListView.swift */ = {isa = PBXFileReference; lastKnownFileType = sourcecode.swift; path = StoresListView.swift; sourceTree = "<group>"; };
		9E861B812B5EF498006E44D8 /* HomeViewModel.swift */ = {isa = PBXFileReference; lastKnownFileType = sourcecode.swift; path = HomeViewModel.swift; sourceTree = "<group>"; };
		9E861B842B5EF9FF006E44D8 /* ServiceLocator.swift */ = {isa = PBXFileReference; lastKnownFileType = sourcecode.swift; path = ServiceLocator.swift; sourceTree = "<group>"; };
		9E861B862B5EFAD8006E44D8 /* SetupServiceLocator.swift */ = {isa = PBXFileReference; lastKnownFileType = sourcecode.swift; path = SetupServiceLocator.swift; sourceTree = "<group>"; };
		9E8C9CCC2B61240400D40161 /* Categorie.swift */ = {isa = PBXFileReference; lastKnownFileType = sourcecode.swift; path = Categorie.swift; sourceTree = "<group>"; };
		9E95D2852B4C14080057F1D9 /* NetworkService.swift */ = {isa = PBXFileReference; lastKnownFileType = sourcecode.swift; path = NetworkService.swift; sourceTree = "<group>"; };
		9ED13CEB2B5D4F5E00AEB359 /* HomeView.swift */ = {isa = PBXFileReference; lastKnownFileType = sourcecode.swift; path = HomeView.swift; sourceTree = "<group>"; };
		9EDFDCEB2B5FE0A000962E65 /* HttpClient.swift */ = {isa = PBXFileReference; lastKnownFileType = sourcecode.swift; path = HttpClient.swift; sourceTree = "<group>"; };
		9EDFDCED2B5FE0CD00962E65 /* HttpClientImpl.swift */ = {isa = PBXFileReference; lastKnownFileType = sourcecode.swift; path = HttpClientImpl.swift; sourceTree = "<group>"; };
		9EDFDCEF2B5FE0F900962E65 /* HttpClientError.swift */ = {isa = PBXFileReference; lastKnownFileType = sourcecode.swift; path = HttpClientError.swift; sourceTree = "<group>"; };
		9EDFDCF22B5FEDF500962E65 /* DownloadImage.swift */ = {isa = PBXFileReference; lastKnownFileType = sourcecode.swift; path = DownloadImage.swift; sourceTree = "<group>"; };
		9EDFDCF52B5FEE7A00962E65 /* Font+.swift */ = {isa = PBXFileReference; lastKnownFileType = sourcecode.swift; path = "Font+.swift"; sourceTree = "<group>"; };
		9EDFDD092B5FF41300962E65 /* Nunito-Medium.ttf */ = {isa = PBXFileReference; lastKnownFileType = file; path = "Nunito-Medium.ttf"; sourceTree = "<group>"; };
		9EDFDD0A2B5FF41300962E65 /* Nunito-Regular.ttf */ = {isa = PBXFileReference; lastKnownFileType = file; path = "Nunito-Regular.ttf"; sourceTree = "<group>"; };
		9EDFDD0B2B5FF41300962E65 /* Nunito-Bold.ttf */ = {isa = PBXFileReference; lastKnownFileType = file; path = "Nunito-Bold.ttf"; sourceTree = "<group>"; };
		9EDFDD0C2B5FF41400962E65 /* Nunito-SemiBold.ttf */ = {isa = PBXFileReference; lastKnownFileType = file; path = "Nunito-SemiBold.ttf"; sourceTree = "<group>"; };
/* End PBXFileReference section */

/* Begin PBXFrameworksBuildPhase section */
		9E7B4BD32B4811C5009091F7 /* Frameworks */ = {
			isa = PBXFrameworksBuildPhase;
			buildActionMask = 2147483647;
			files = (
				9E60BC392B4C3A0F0020BA65 /* Alamofire in Frameworks */,
			);
			runOnlyForDeploymentPostprocessing = 0;
		};
/* End PBXFrameworksBuildPhase section */

/* Begin PBXGroup section */
		9E02F7152B4971B900E64213 /* Extensions */ = {
			isa = PBXGroup;
			children = (
				9E02F7162B4971EB00E64213 /* Double+.swift */,
				9EDFDCF52B5FEE7A00962E65 /* Font+.swift */,
			);
			path = Extensions;
			sourceTree = "<group>";
		};
		9E12B56C2B5A8ECD00464B89 /* Features */ = {
			isa = PBXGroup;
			children = (
				9E12B56E2B5A8EF900464B89 /* Product */,
				9E12B56D2B5A8ED400464B89 /* Home */,
			);
			path = Features;
			sourceTree = "<group>";
		};
		9E12B56D2B5A8ED400464B89 /* Home */ = {
			isa = PBXGroup;
			children = (
				9E12B5782B5A90EE00464B89 /* ViewModel */,
				9E12B5772B5A90D400464B89 /* Model */,
				9E12B56F2B5A8F0100464B89 /* View */,
			);
			path = Home;
			sourceTree = "<group>";
		};
		9E12B56E2B5A8EF900464B89 /* Product */ = {
			isa = PBXGroup;
			children = (
				9E12B57A2B5A913B00464B89 /* Model */,
				9E12B5792B5A913300464B89 /* View */,
			);
			path = Product;
			sourceTree = "<group>";
		};
		9E12B56F2B5A8F0100464B89 /* View */ = {
			isa = PBXGroup;
			children = (
				9E12B5712B5A8F0F00464B89 /* Components */,
				9E12B5702B5A8F0900464B89 /* Pages */,
			);
			path = View;
			sourceTree = "<group>";
		};
		9E12B5702B5A8F0900464B89 /* Pages */ = {
			isa = PBXGroup;
			children = (
				9E02F71C2B4ACF6600E64213 /* IntroductionView.swift */,
				9ED13CEB2B5D4F5E00AEB359 /* HomeView.swift */,
			);
			path = Pages;
			sourceTree = "<group>";
		};
		9E12B5712B5A8F0F00464B89 /* Components */ = {
			isa = PBXGroup;
			children = (
				9E7B4BE82B4813E3009091F7 /* NavigationBar */,
				9E7B4BEC2B4818B9009091F7 /* GridView */,
				9E12B5762B5A907B00464B89 /* Stores */,
				9E7B4BF62B4825DF009091F7 /* CarrouselView */,
			);
			path = Components;
			sourceTree = "<group>";
		};
		9E12B5722B5A8F2900464B89 /* Common */ = {
			isa = PBXGroup;
			children = (
				9EDFDCF42B5FEE5200962E65 /* Theme */,
				9E861B832B5EF9EB006E44D8 /* ServiceLocator */,
				9E12B57B2B5A940500464B89 /* Coordinator */,
				9E02F7152B4971B900E64213 /* Extensions */,
				9E12B5732B5A8F3800464B89 /* Services */,
			);
			path = Common;
			sourceTree = "<group>";
		};
		9E12B5732B5A8F3800464B89 /* Services */ = {
			isa = PBXGroup;
			children = (
				9EDFDCF12B5FEDE200962E65 /* DownloadImage */,
				9EDFDCEA2B5FE07E00962E65 /* Network */,
			);
			path = Services;
			sourceTree = "<group>";
		};
		9E12B5742B5A8F6700464B89 /* Pages */ = {
			isa = PBXGroup;
			children = (
				9E02F7192B497C5500E64213 /* ProductDetailView.swift */,
			);
			path = Pages;
			sourceTree = "<group>";
		};
		9E12B5752B5A8F7700464B89 /* Components */ = {
			isa = PBXGroup;
			children = (
				9E02F70D2B49644E00E64213 /* StoreDetailView.swift */,
				9E02F7132B496D3100E64213 /* ProductItemView.swift */,
			);
			path = Components;
			sourceTree = "<group>";
		};
		9E12B5762B5A907B00464B89 /* Stores */ = {
			isa = PBXGroup;
			children = (
				9E7B4BFC2B482ACF009091F7 /* StoreItemView.swift */,
				9E7B4BFE2B482C2F009091F7 /* StoresListView.swift */,
			);
			path = Stores;
			sourceTree = "<group>";
		};
		9E12B5772B5A90D400464B89 /* Model */ = {
			isa = PBXGroup;
			children = (
				9E7B4BF02B481C0D009091F7 /* OrderType.swift */,
				9E02F70F2B49672500E64213 /* StoreType.swift */,
				9E8C9CCC2B61240400D40161 /* Categorie.swift */,
			);
			path = Model;
			sourceTree = "<group>";
		};
		9E12B5782B5A90EE00464B89 /* ViewModel */ = {
			isa = PBXGroup;
			children = (
				9E861B812B5EF498006E44D8 /* HomeViewModel.swift */,
			);
			path = ViewModel;
			sourceTree = "<group>";
		};
		9E12B5792B5A913300464B89 /* View */ = {
			isa = PBXGroup;
			children = (
				9E12B5752B5A8F7700464B89 /* Components */,
				9E12B5742B5A8F6700464B89 /* Pages */,
			);
			path = View;
			sourceTree = "<group>";
		};
		9E12B57A2B5A913B00464B89 /* Model */ = {
			isa = PBXGroup;
			children = (
				9E02F7112B49677D00E64213 /* ProductType.swift */,
			);
			path = Model;
			sourceTree = "<group>";
		};
		9E12B57B2B5A940500464B89 /* Coordinator */ = {
			isa = PBXGroup;
			children = (
				9E12B57C2B5A941D00464B89 /* Coordinator.swift */,
			);
			path = Coordinator;
			sourceTree = "<group>";
		};
		9E7B4BCD2B4811C5009091F7 = {
			isa = PBXGroup;
			children = (
				9E7B4BD82B4811C5009091F7 /* ChefDelivery */,
				9E7B4BD72B4811C5009091F7 /* Products */,
			);
			sourceTree = "<group>";
		};
		9E7B4BD72B4811C5009091F7 /* Products */ = {
			isa = PBXGroup;
			children = (
				9E7B4BD62B4811C5009091F7 /* ChefDelivery.app */,
			);
			name = Products;
			sourceTree = "<group>";
		};
		9E7B4BD82B4811C5009091F7 /* ChefDelivery */ = {
			isa = PBXGroup;
			children = (
				9EDFDCF72B5FEE9800962E65 /* Fonts */,
				9E12B5722B5A8F2900464B89 /* Common */,
				9E12B56C2B5A8ECD00464B89 /* Features */,
				9E7B4BE92B481402009091F7 /* App */,
				9E7B4BDD2B4811C6009091F7 /* Assets.xcassets */,
				9E7B4BDF2B4811C6009091F7 /* ChefDelivery.entitlements */,
				9E7B4BE02B4811C6009091F7 /* Preview Content */,
			);
			path = ChefDelivery;
			sourceTree = "<group>";
		};
		9E7B4BE02B4811C6009091F7 /* Preview Content */ = {
			isa = PBXGroup;
			children = (
				9E7B4BE12B4811C6009091F7 /* Preview Assets.xcassets */,
			);
			path = "Preview Content";
			sourceTree = "<group>";
		};
		9E7B4BE82B4813E3009091F7 /* NavigationBar */ = {
			isa = PBXGroup;
			children = (
				9E7B4BEA2B48143D009091F7 /* NavigationBar.swift */,
			);
			path = NavigationBar;
			sourceTree = "<group>";
		};
		9E7B4BE92B481402009091F7 /* App */ = {
			isa = PBXGroup;
			children = (
				9E7B4BD92B4811C5009091F7 /* ChefDeliveryApp.swift */,
				9E7B4BDB2B4811C5009091F7 /* ContentView.swift */,
			);
			path = App;
			sourceTree = "<group>";
		};
		9E7B4BEC2B4818B9009091F7 /* GridView */ = {
			isa = PBXGroup;
			children = (
				9E7B4BED2B4818E0009091F7 /* OrderTypeGridView.swift */,
				9E7B4BF42B4821FE009091F7 /* OrderTypeItemView.swift */,
			);
			path = GridView;
			sourceTree = "<group>";
		};
		9E7B4BF62B4825DF009091F7 /* CarrouselView */ = {
			isa = PBXGroup;
			children = (
				9E7B4BF72B4825FF009091F7 /* CarrousselItemView.swift */,
				9E7B4BF92B482752009091F7 /* CarrousselTabView.swift */,
			);
			path = CarrouselView;
			sourceTree = "<group>";
		};
		9E861B832B5EF9EB006E44D8 /* ServiceLocator */ = {
			isa = PBXGroup;
			children = (
				9E861B842B5EF9FF006E44D8 /* ServiceLocator.swift */,
				9E861B862B5EFAD8006E44D8 /* SetupServiceLocator.swift */,
			);
			path = ServiceLocator;
			sourceTree = "<group>";
		};
		9EDFDCEA2B5FE07E00962E65 /* Network */ = {
			isa = PBXGroup;
			children = (
				9E95D2852B4C14080057F1D9 /* NetworkService.swift */,
				9EDFDCEB2B5FE0A000962E65 /* HttpClient.swift */,
				9EDFDCED2B5FE0CD00962E65 /* HttpClientImpl.swift */,
				9EDFDCEF2B5FE0F900962E65 /* HttpClientError.swift */,
			);
			path = Network;
			sourceTree = "<group>";
		};
		9EDFDCF12B5FEDE200962E65 /* DownloadImage */ = {
			isa = PBXGroup;
			children = (
				9EDFDCF22B5FEDF500962E65 /* DownloadImage.swift */,
			);
			path = DownloadImage;
			sourceTree = "<group>";
		};
		9EDFDCF42B5FEE5200962E65 /* Theme */ = {
			isa = PBXGroup;
			children = (
			);
			path = Theme;
			sourceTree = "<group>";
		};
		9EDFDCF72B5FEE9800962E65 /* Fonts */ = {
			isa = PBXGroup;
			children = (
				9EDFDD0B2B5FF41300962E65 /* Nunito-Bold.ttf */,
				9EDFDD092B5FF41300962E65 /* Nunito-Medium.ttf */,
				9EDFDD0A2B5FF41300962E65 /* Nunito-Regular.ttf */,
				9EDFDD0C2B5FF41400962E65 /* Nunito-SemiBold.ttf */,
			);
			path = Fonts;
			sourceTree = "<group>";
		};
/* End PBXGroup section */

/* Begin PBXNativeTarget section */
		9E7B4BD52B4811C5009091F7 /* ChefDelivery */ = {
			isa = PBXNativeTarget;
			buildConfigurationList = 9E7B4BE52B4811C6009091F7 /* Build configuration list for PBXNativeTarget "ChefDelivery" */;
			buildPhases = (
				9E7B4BD22B4811C5009091F7 /* Sources */,
				9E7B4BD32B4811C5009091F7 /* Frameworks */,
				9E7B4BD42B4811C5009091F7 /* Resources */,
			);
			buildRules = (
			);
			dependencies = (
			);
			name = ChefDelivery;
			packageProductDependencies = (
				9E60BC382B4C3A0F0020BA65 /* Alamofire */,
			);
			productName = ChefDelivery;
			productReference = 9E7B4BD62B4811C5009091F7 /* ChefDelivery.app */;
			productType = "com.apple.product-type.application";
		};
/* End PBXNativeTarget section */

/* Begin PBXProject section */
		9E7B4BCE2B4811C5009091F7 /* Project object */ = {
			isa = PBXProject;
			attributes = {
				BuildIndependentTargetsInParallel = 1;
				LastSwiftUpdateCheck = 1510;
				LastUpgradeCheck = 1510;
				TargetAttributes = {
					9E7B4BD52B4811C5009091F7 = {
						CreatedOnToolsVersion = 15.1;
					};
				};
			};
			buildConfigurationList = 9E7B4BD12B4811C5009091F7 /* Build configuration list for PBXProject "ChefDelivery" */;
			compatibilityVersion = "Xcode 14.0";
			developmentRegion = en;
			hasScannedForEncodings = 0;
			knownRegions = (
				en,
				Base,
			);
			mainGroup = 9E7B4BCD2B4811C5009091F7;
			packageReferences = (
				9E60BC372B4C3A0F0020BA65 /* XCRemoteSwiftPackageReference "Alamofire" */,
			);
			productRefGroup = 9E7B4BD72B4811C5009091F7 /* Products */;
			projectDirPath = "";
			projectRoot = "";
			targets = (
				9E7B4BD52B4811C5009091F7 /* ChefDelivery */,
			);
		};
/* End PBXProject section */

/* Begin PBXResourcesBuildPhase section */
		9E7B4BD42B4811C5009091F7 /* Resources */ = {
			isa = PBXResourcesBuildPhase;
			buildActionMask = 2147483647;
			files = (
				9EDFDD102B5FF41400962E65 /* Nunito-SemiBold.ttf in Resources */,
				9E7B4BE22B4811C6009091F7 /* Preview Assets.xcassets in Resources */,
				9EDFDD0F2B5FF41400962E65 /* Nunito-Bold.ttf in Resources */,
				9E7B4BDE2B4811C6009091F7 /* Assets.xcassets in Resources */,
				9EDFDD0E2B5FF41400962E65 /* Nunito-Regular.ttf in Resources */,
				9EDFDD0D2B5FF41400962E65 /* Nunito-Medium.ttf in Resources */,
			);
			runOnlyForDeploymentPostprocessing = 0;
		};
/* End PBXResourcesBuildPhase section */

/* Begin PBXSourcesBuildPhase section */
		9E7B4BD22B4811C5009091F7 /* Sources */ = {
			isa = PBXSourcesBuildPhase;
			buildActionMask = 2147483647;
			files = (
				9E02F7142B496D3100E64213 /* ProductItemView.swift in Sources */,
				9E7B4BFA2B482752009091F7 /* CarrousselTabView.swift in Sources */,
				9E02F7122B49677D00E64213 /* ProductType.swift in Sources */,
				9E02F71A2B497C5500E64213 /* ProductDetailView.swift in Sources */,
				9E7B4BFF2B482C2F009091F7 /* StoresListView.swift in Sources */,
				9E7B4BF82B4825FF009091F7 /* CarrousselItemView.swift in Sources */,
				9EDFDCF02B5FE0F900962E65 /* HttpClientError.swift in Sources */,
				9E12B57D2B5A941D00464B89 /* Coordinator.swift in Sources */,
				9EDFDCF62B5FEE7A00962E65 /* Font+.swift in Sources */,
				9E7B4BF12B481C0D009091F7 /* OrderType.swift in Sources */,
				9EDFDCEE2B5FE0CD00962E65 /* HttpClientImpl.swift in Sources */,
				9E8C9CCD2B61240400D40161 /* Categorie.swift in Sources */,
				9E7B4BDC2B4811C5009091F7 /* ContentView.swift in Sources */,
				9E7B4BEE2B4818E0009091F7 /* OrderTypeGridView.swift in Sources */,
				9EDFDCEC2B5FE0A000962E65 /* HttpClient.swift in Sources */,
				9E02F71D2B4ACF6600E64213 /* IntroductionView.swift in Sources */,
				9E7B4BFD2B482ACF009091F7 /* StoreItemView.swift in Sources */,
				9E02F70E2B49644E00E64213 /* StoreDetailView.swift in Sources */,
				9ED13CEC2B5D4F5E00AEB359 /* HomeView.swift in Sources */,
				9E861B852B5EF9FF006E44D8 /* ServiceLocator.swift in Sources */,
				9E861B872B5EFAD8006E44D8 /* SetupServiceLocator.swift in Sources */,
				9EDFDCF32B5FEDF500962E65 /* DownloadImage.swift in Sources */,
				9E7B4BF52B4821FE009091F7 /* OrderTypeItemView.swift in Sources */,
				9E7B4BDA2B4811C5009091F7 /* ChefDeliveryApp.swift in Sources */,
				9E861B822B5EF498006E44D8 /* HomeViewModel.swift in Sources */,
				9E02F7102B49672500E64213 /* StoreType.swift in Sources */,
				9E02F7172B4971EB00E64213 /* Double+.swift in Sources */,
				9E95D2862B4C14080057F1D9 /* NetworkService.swift in Sources */,
				9E7B4BEB2B48143D009091F7 /* NavigationBar.swift in Sources */,
			);
			runOnlyForDeploymentPostprocessing = 0;
		};
/* End PBXSourcesBuildPhase section */

/* Begin XCBuildConfiguration section */
		9E7B4BE32B4811C6009091F7 /* Debug */ = {
			isa = XCBuildConfiguration;
			buildSettings = {
				ALWAYS_SEARCH_USER_PATHS = NO;
				ASSETCATALOG_COMPILER_GENERATE_SWIFT_ASSET_SYMBOL_EXTENSIONS = YES;
				CLANG_ANALYZER_NONNULL = YES;
				CLANG_ANALYZER_NUMBER_OBJECT_CONVERSION = YES_AGGRESSIVE;
				CLANG_CXX_LANGUAGE_STANDARD = "gnu++20";
				CLANG_ENABLE_MODULES = YES;
				CLANG_ENABLE_OBJC_ARC = YES;
				CLANG_ENABLE_OBJC_WEAK = YES;
				CLANG_WARN_BLOCK_CAPTURE_AUTORELEASING = YES;
				CLANG_WARN_BOOL_CONVERSION = YES;
				CLANG_WARN_COMMA = YES;
				CLANG_WARN_CONSTANT_CONVERSION = YES;
				CLANG_WARN_DEPRECATED_OBJC_IMPLEMENTATIONS = YES;
				CLANG_WARN_DIRECT_OBJC_ISA_USAGE = YES_ERROR;
				CLANG_WARN_DOCUMENTATION_COMMENTS = YES;
				CLANG_WARN_EMPTY_BODY = YES;
				CLANG_WARN_ENUM_CONVERSION = YES;
				CLANG_WARN_INFINITE_RECURSION = YES;
				CLANG_WARN_INT_CONVERSION = YES;
				CLANG_WARN_NON_LITERAL_NULL_CONVERSION = YES;
				CLANG_WARN_OBJC_IMPLICIT_RETAIN_SELF = YES;
				CLANG_WARN_OBJC_LITERAL_CONVERSION = YES;
				CLANG_WARN_OBJC_ROOT_CLASS = YES_ERROR;
				CLANG_WARN_QUOTED_INCLUDE_IN_FRAMEWORK_HEADER = YES;
				CLANG_WARN_RANGE_LOOP_ANALYSIS = YES;
				CLANG_WARN_STRICT_PROTOTYPES = YES;
				CLANG_WARN_SUSPICIOUS_MOVE = YES;
				CLANG_WARN_UNGUARDED_AVAILABILITY = YES_AGGRESSIVE;
				CLANG_WARN_UNREACHABLE_CODE = YES;
				CLANG_WARN__DUPLICATE_METHOD_MATCH = YES;
				COPY_PHASE_STRIP = NO;
				DEBUG_INFORMATION_FORMAT = dwarf;
				ENABLE_STRICT_OBJC_MSGSEND = YES;
				ENABLE_TESTABILITY = YES;
				ENABLE_USER_SCRIPT_SANDBOXING = YES;
				GCC_C_LANGUAGE_STANDARD = gnu17;
				GCC_DYNAMIC_NO_PIC = NO;
				GCC_NO_COMMON_BLOCKS = YES;
				GCC_OPTIMIZATION_LEVEL = 0;
				GCC_PREPROCESSOR_DEFINITIONS = (
					"DEBUG=1",
					"$(inherited)",
				);
				GCC_WARN_64_TO_32_BIT_CONVERSION = YES;
				GCC_WARN_ABOUT_RETURN_TYPE = YES_ERROR;
				GCC_WARN_UNDECLARED_SELECTOR = YES;
				GCC_WARN_UNINITIALIZED_AUTOS = YES_AGGRESSIVE;
				GCC_WARN_UNUSED_FUNCTION = YES;
				GCC_WARN_UNUSED_VARIABLE = YES;
				LOCALIZATION_PREFERS_STRING_CATALOGS = YES;
				MTL_ENABLE_DEBUG_INFO = INCLUDE_SOURCE;
				MTL_FAST_MATH = YES;
				ONLY_ACTIVE_ARCH = YES;
				SWIFT_ACTIVE_COMPILATION_CONDITIONS = "DEBUG $(inherited)";
				SWIFT_OPTIMIZATION_LEVEL = "-Onone";
			};
			name = Debug;
		};
		9E7B4BE42B4811C6009091F7 /* Release */ = {
			isa = XCBuildConfiguration;
			buildSettings = {
				ALWAYS_SEARCH_USER_PATHS = NO;
				ASSETCATALOG_COMPILER_GENERATE_SWIFT_ASSET_SYMBOL_EXTENSIONS = YES;
				CLANG_ANALYZER_NONNULL = YES;
				CLANG_ANALYZER_NUMBER_OBJECT_CONVERSION = YES_AGGRESSIVE;
				CLANG_CXX_LANGUAGE_STANDARD = "gnu++20";
				CLANG_ENABLE_MODULES = YES;
				CLANG_ENABLE_OBJC_ARC = YES;
				CLANG_ENABLE_OBJC_WEAK = YES;
				CLANG_WARN_BLOCK_CAPTURE_AUTORELEASING = YES;
				CLANG_WARN_BOOL_CONVERSION = YES;
				CLANG_WARN_COMMA = YES;
				CLANG_WARN_CONSTANT_CONVERSION = YES;
				CLANG_WARN_DEPRECATED_OBJC_IMPLEMENTATIONS = YES;
				CLANG_WARN_DIRECT_OBJC_ISA_USAGE = YES_ERROR;
				CLANG_WARN_DOCUMENTATION_COMMENTS = YES;
				CLANG_WARN_EMPTY_BODY = YES;
				CLANG_WARN_ENUM_CONVERSION = YES;
				CLANG_WARN_INFINITE_RECURSION = YES;
				CLANG_WARN_INT_CONVERSION = YES;
				CLANG_WARN_NON_LITERAL_NULL_CONVERSION = YES;
				CLANG_WARN_OBJC_IMPLICIT_RETAIN_SELF = YES;
				CLANG_WARN_OBJC_LITERAL_CONVERSION = YES;
				CLANG_WARN_OBJC_ROOT_CLASS = YES_ERROR;
				CLANG_WARN_QUOTED_INCLUDE_IN_FRAMEWORK_HEADER = YES;
				CLANG_WARN_RANGE_LOOP_ANALYSIS = YES;
				CLANG_WARN_STRICT_PROTOTYPES = YES;
				CLANG_WARN_SUSPICIOUS_MOVE = YES;
				CLANG_WARN_UNGUARDED_AVAILABILITY = YES_AGGRESSIVE;
				CLANG_WARN_UNREACHABLE_CODE = YES;
				CLANG_WARN__DUPLICATE_METHOD_MATCH = YES;
				COPY_PHASE_STRIP = NO;
				DEBUG_INFORMATION_FORMAT = "dwarf-with-dsym";
				ENABLE_NS_ASSERTIONS = NO;
				ENABLE_STRICT_OBJC_MSGSEND = YES;
				ENABLE_USER_SCRIPT_SANDBOXING = YES;
				GCC_C_LANGUAGE_STANDARD = gnu17;
				GCC_NO_COMMON_BLOCKS = YES;
				GCC_WARN_64_TO_32_BIT_CONVERSION = YES;
				GCC_WARN_ABOUT_RETURN_TYPE = YES_ERROR;
				GCC_WARN_UNDECLARED_SELECTOR = YES;
				GCC_WARN_UNINITIALIZED_AUTOS = YES_AGGRESSIVE;
				GCC_WARN_UNUSED_FUNCTION = YES;
				GCC_WARN_UNUSED_VARIABLE = YES;
				LOCALIZATION_PREFERS_STRING_CATALOGS = YES;
				MTL_ENABLE_DEBUG_INFO = NO;
				MTL_FAST_MATH = YES;
				SWIFT_COMPILATION_MODE = wholemodule;
			};
			name = Release;
		};
		9E7B4BE62B4811C6009091F7 /* Debug */ = {
			isa = XCBuildConfiguration;
			buildSettings = {
				ASSETCATALOG_COMPILER_APPICON_NAME = AppIcon;
				ASSETCATALOG_COMPILER_GLOBAL_ACCENT_COLOR_NAME = AccentColor;
				CODE_SIGN_ENTITLEMENTS = ChefDelivery/ChefDelivery.entitlements;
				CODE_SIGN_STYLE = Automatic;
				CURRENT_PROJECT_VERSION = 1;
				DEVELOPMENT_ASSET_PATHS = "\"ChefDelivery/Preview Content\"";
				DEVELOPMENT_TEAM = FUQ4LQKC8Z;
				ENABLE_HARDENED_RUNTIME = YES;
				ENABLE_PREVIEWS = YES;
				GENERATE_INFOPLIST_FILE = YES;
				INFOPLIST_FILE = ChefDelivery/Info.plist;
				"INFOPLIST_KEY_UIApplicationSceneManifest_Generation[sdk=iphoneos*]" = YES;
				"INFOPLIST_KEY_UIApplicationSceneManifest_Generation[sdk=iphonesimulator*]" = YES;
				"INFOPLIST_KEY_UIApplicationSupportsIndirectInputEvents[sdk=iphoneos*]" = YES;
				"INFOPLIST_KEY_UIApplicationSupportsIndirectInputEvents[sdk=iphonesimulator*]" = YES;
				"INFOPLIST_KEY_UILaunchScreen_Generation[sdk=iphoneos*]" = YES;
				"INFOPLIST_KEY_UILaunchScreen_Generation[sdk=iphonesimulator*]" = YES;
				"INFOPLIST_KEY_UIStatusBarStyle[sdk=iphoneos*]" = UIStatusBarStyleDefault;
				"INFOPLIST_KEY_UIStatusBarStyle[sdk=iphonesimulator*]" = UIStatusBarStyleDefault;
				INFOPLIST_KEY_UISupportedInterfaceOrientations_iPad = "UIInterfaceOrientationPortrait UIInterfaceOrientationPortraitUpsideDown UIInterfaceOrientationLandscapeLeft UIInterfaceOrientationLandscapeRight";
				INFOPLIST_KEY_UISupportedInterfaceOrientations_iPhone = "UIInterfaceOrientationPortrait UIInterfaceOrientationLandscapeLeft UIInterfaceOrientationLandscapeRight";
				IPHONEOS_DEPLOYMENT_TARGET = 17.2;
				LD_RUNPATH_SEARCH_PATHS = "@executable_path/Frameworks";
				"LD_RUNPATH_SEARCH_PATHS[sdk=macosx*]" = "@executable_path/../Frameworks";
				MACOSX_DEPLOYMENT_TARGET = 14.2;
				MARKETING_VERSION = 1.0;
				PRODUCT_BUNDLE_IDENTIFIER = com.personal.Travel.ChefDelivery;
				PRODUCT_NAME = "$(TARGET_NAME)";
				SDKROOT = auto;
				SUPPORTED_PLATFORMS = "iphoneos iphonesimulator";
				SUPPORTS_MACCATALYST = NO;
				SWIFT_EMIT_LOC_STRINGS = YES;
				SWIFT_VERSION = 5.0;
				TARGETED_DEVICE_FAMILY = "1,2";
			};
			name = Debug;
		};
		9E7B4BE72B4811C7009091F7 /* Release */ = {
			isa = XCBuildConfiguration;
			buildSettings = {
				ASSETCATALOG_COMPILER_APPICON_NAME = AppIcon;
				ASSETCATALOG_COMPILER_GLOBAL_ACCENT_COLOR_NAME = AccentColor;
				CODE_SIGN_ENTITLEMENTS = ChefDelivery/ChefDelivery.entitlements;
				CODE_SIGN_STYLE = Automatic;
				CURRENT_PROJECT_VERSION = 1;
				DEVELOPMENT_ASSET_PATHS = "\"ChefDelivery/Preview Content\"";
				DEVELOPMENT_TEAM = FUQ4LQKC8Z;
				ENABLE_HARDENED_RUNTIME = YES;
				ENABLE_PREVIEWS = YES;
				GENERATE_INFOPLIST_FILE = YES;
				INFOPLIST_FILE = ChefDelivery/Info.plist;
				"INFOPLIST_KEY_UIApplicationSceneManifest_Generation[sdk=iphoneos*]" = YES;
				"INFOPLIST_KEY_UIApplicationSceneManifest_Generation[sdk=iphonesimulator*]" = YES;
				"INFOPLIST_KEY_UIApplicationSupportsIndirectInputEvents[sdk=iphoneos*]" = YES;
				"INFOPLIST_KEY_UIApplicationSupportsIndirectInputEvents[sdk=iphonesimulator*]" = YES;
				"INFOPLIST_KEY_UILaunchScreen_Generation[sdk=iphoneos*]" = YES;
				"INFOPLIST_KEY_UILaunchScreen_Generation[sdk=iphonesimulator*]" = YES;
				"INFOPLIST_KEY_UIStatusBarStyle[sdk=iphoneos*]" = UIStatusBarStyleDefault;
				"INFOPLIST_KEY_UIStatusBarStyle[sdk=iphonesimulator*]" = UIStatusBarStyleDefault;
				INFOPLIST_KEY_UISupportedInterfaceOrientations_iPad = "UIInterfaceOrientationPortrait UIInterfaceOrientationPortraitUpsideDown UIInterfaceOrientationLandscapeLeft UIInterfaceOrientationLandscapeRight";
				INFOPLIST_KEY_UISupportedInterfaceOrientations_iPhone = "UIInterfaceOrientationPortrait UIInterfaceOrientationLandscapeLeft UIInterfaceOrientationLandscapeRight";
				IPHONEOS_DEPLOYMENT_TARGET = 17.2;
				LD_RUNPATH_SEARCH_PATHS = "@executable_path/Frameworks";
				"LD_RUNPATH_SEARCH_PATHS[sdk=macosx*]" = "@executable_path/../Frameworks";
				MACOSX_DEPLOYMENT_TARGET = 14.2;
				MARKETING_VERSION = 1.0;
				PRODUCT_BUNDLE_IDENTIFIER = com.personal.Travel.ChefDelivery;
				PRODUCT_NAME = "$(TARGET_NAME)";
				SDKROOT = auto;
				SUPPORTED_PLATFORMS = "iphoneos iphonesimulator";
				SUPPORTS_MACCATALYST = NO;
				SWIFT_EMIT_LOC_STRINGS = YES;
				SWIFT_VERSION = 5.0;
				TARGETED_DEVICE_FAMILY = "1,2";
			};
			name = Release;
		};
/* End XCBuildConfiguration section */

/* Begin XCConfigurationList section */
		9E7B4BD12B4811C5009091F7 /* Build configuration list for PBXProject "ChefDelivery" */ = {
			isa = XCConfigurationList;
			buildConfigurations = (
				9E7B4BE32B4811C6009091F7 /* Debug */,
				9E7B4BE42B4811C6009091F7 /* Release */,
			);
			defaultConfigurationIsVisible = 0;
			defaultConfigurationName = Release;
		};
		9E7B4BE52B4811C6009091F7 /* Build configuration list for PBXNativeTarget "ChefDelivery" */ = {
			isa = XCConfigurationList;
			buildConfigurations = (
				9E7B4BE62B4811C6009091F7 /* Debug */,
				9E7B4BE72B4811C7009091F7 /* Release */,
			);
			defaultConfigurationIsVisible = 0;
			defaultConfigurationName = Release;
		};
/* End XCConfigurationList section */

/* Begin XCRemoteSwiftPackageReference section */
		9E60BC372B4C3A0F0020BA65 /* XCRemoteSwiftPackageReference "Alamofire" */ = {
			isa = XCRemoteSwiftPackageReference;
			repositoryURL = "https://github.com/Alamofire/Alamofire.git";
			requirement = {
				kind = upToNextMajorVersion;
				minimumVersion = 5.8.1;
			};
		};
/* End XCRemoteSwiftPackageReference section */

/* Begin XCSwiftPackageProductDependency section */
		9E60BC382B4C3A0F0020BA65 /* Alamofire */ = {
			isa = XCSwiftPackageProductDependency;
			package = 9E60BC372B4C3A0F0020BA65 /* XCRemoteSwiftPackageReference "Alamofire" */;
			productName = Alamofire;
		};
/* End XCSwiftPackageProductDependency section */
	};
	rootObject = 9E7B4BCE2B4811C5009091F7 /* Project object */;
}
